
Microsoft Visual Studio Solution File, Format Version 12.00
# Visual Studio Version 17
VisualStudioVersion = 17.9.34902.65
MinimumVisualStudioVersion = 10.0.40219.1
Project("{FAE04EC0-301F-11D3-BF4B-00C04F79EFBC}") = "TipodeTriangulo", "TipodeTriangulo\TipodeTriangulo.csproj", "{4AD3EB2E-68FB-403C-993D-7A3565A0DD93}"
EndProject
Global
	GlobalSection(SolutionConfigurationPlatforms) = preSolution
		Debug|Any CPU = Debug|Any CPU
		Release|Any CPU = Release|Any CPU
	EndGlobalSection
	GlobalSection(ProjectConfigurationPlatforms) = postSolution
		{4AD3EB2E-68FB-403C-993D-7A3565A0DD93}.Debug|Any CPU.ActiveCfg = Debug|Any CPU
		{4AD3EB2E-68FB-403C-993D-7A3565A0DD93}.Debug|Any CPU.Build.0 = Debug|Any CPU
		{4AD3EB2E-68FB-403C-993D-7A3565A0DD93}.Release|Any CPU.ActiveCfg = Release|Any CPU
		{4AD3EB2E-68FB-403C-993D-7A3565A0DD93}.Release|Any CPU.Build.0 = Release|Any CPU
	EndGlobalSection
	GlobalSection(SolutionProperties) = preSolution
		HideSolutionNode = FALSE
	EndGlobalSection
	GlobalSection(ExtensibilityGlobals) = postSolution
		SolutionGuid = {6F32D6FF-FDB2-4BD4-9336-5C4A45FB728F}
	EndGlobalSection
EndGlobal
